<?xml version="1.0" encoding="UTF-8" standalone="yes" ?>
<CodeBlocks_project_file>
	<FileVersion major="1" minor="6" />
	<Project>
		<Option title="DbView" />
		<Option pch_mode="2" />
		<Option compiler="gcc" />
		<Build>
			<Target title="Debug">
				<Option output="bin/Debug/DbView" prefix_auto="1" extension_auto="1" />
				<Option object_output="obj/Debug/" />
				<Option type="1" />
				<Option compiler="gcc" />
				<Compiler>
					<Add option="-g" />
				</Compiler>
				<Linker>
					<Add library="libpdcurses.a" />
					<Add directory="../DbView" />
				</Linker>
			</Target>
			<Target title="Release">
				<Option output="bin/Release/DbView" prefix_auto="1" extension_auto="1" />
				<Option object_output="obj/Release/" />
				<Option type="1" />
				<Option compiler="gcc" />
				<Compiler>
					<Add option="-O2" />
				</Compiler>
				<Linker>
					<Add option="-s" />
					<Add library="libpdcurses.a" />
					<Add directory="../DbView" />
				</Linker>
			</Target>
		</Build>
		<Compiler>
			<Add option="-Wall" />
		</Compiler>
		<Unit filename="avltree.c">
			<Option compilerVar="CC" />
		</Unit>
		<Unit filename="curses.h" />
		<Unit filename="datastruct.h" />
		<Unit filename="list.c">
			<Option compilerVar="CC" />
		</Unit>
		<Unit filename="main.c">
			<Option compilerVar="CC" />
		</Unit>
		<Unit filename="pdcurses.dll" />
		<Unit filename="uicurs.c">
			<Option compilerVar="CC" />
		</Unit>
		<Unit filename="uicurs.h" />
		<Extensions />
	</Project>
</CodeBlocks_project_file>
